
Microsoft Visual Studio Solution File, Format Version 12.00
# Visual Studio Version 17
VisualStudioVersion = 17.3.32901.215
MinimumVisualStudioVersion = 10.0.40219.1
Project("{FAE04EC0-301F-11D3-BF4B-00C04F79EFBC}") = "Hotel", "Hotel\Hotel.csproj", "{DF853952-4DC8-4C70-8E7E-4D85C39D24B1}"
EndProject
Global
	GlobalSection(SolutionConfigurationPlatforms) = preSolution
		Debug|Any CPU = Debug|Any CPU
		Release|Any CPU = Release|Any CPU
	EndGlobalSection
	GlobalSection(ProjectConfigurationPlatforms) = postSolution
		{DF853952-4DC8-4C70-8E7E-4D85C39D24B1}.Debug|Any CPU.ActiveCfg = Debug|Any CPU
		{DF853952-4DC8-4C70-8E7E-4D85C39D24B1}.Debug|Any CPU.Build.0 = Debug|Any CPU
		{DF853952-4DC8-4C70-8E7E-4D85C39D24B1}.Release|Any CPU.ActiveCfg = Release|Any CPU
		{DF853952-4DC8-4C70-8E7E-4D85C39D24B1}.Release|Any CPU.Build.0 = Release|Any CPU
	EndGlobalSection
	GlobalSection(SolutionProperties) = preSolution
		HideSolutionNode = FALSE
	EndGlobalSection
	GlobalSection(ExtensibilityGlobals) = postSolution
		SolutionGuid = {572AB8B7-3FC6-4527-9415-F721E90D3966}
	EndGlobalSection
EndGlobal
